Microsoft Visual Studio Solution File, Format Version 11.00
# Visual Studio 2008

Project("{FA1CFA97-5429-35B6-A13D-0DC6A85DF6A2}") = "20Flappy8", "Assembly-CSharp.csproj", "{BDC2E62E-8545-2A85-388D-70C57C938D03}"
EndProject
Global
	GlobalSection(SolutionConfigurationPlatforms) = preSolution
		Debug|Any CPU = Debug|Any CPU
		Release|Any CPU = Release|Any CPU
	EndGlobalSection
	GlobalSection(ProjectConfigurationPlatforms) = postSolution
		{BDC2E62E-8545-2A85-388D-70C57C938D03}.Debug|Any CPU.ActiveCfg = Debug|Any CPU
		{BDC2E62E-8545-2A85-388D-70C57C938D03}.Debug|Any CPU.Build.0 = Debug|Any CPU
		{BDC2E62E-8545-2A85-388D-70C57C938D03}.Release|Any CPU.ActiveCfg = Release|Any CPU
		{BDC2E62E-8545-2A85-388D-70C57C938D03}.Release|Any CPU.Build.0 = Release|Any CPU
	EndGlobalSection
	GlobalSection(SolutionProperties) = preSolution
		HideSolutionNode = FALSE
	EndGlobalSection
												GlobalSection(MonoDevelopProperties) = preSolution
		StartupItem = Assembly-CSharp.csproj
		Policies = $0
		$0.TextStylePolicy = $1
		$1.inheritsSet = null
		$1.scope = text/x-csharp
		$0.CSharpFormattingPolicy = $2
		$2.inheritsSet = Mono
		$2.inheritsScope = text/x-csharp
		$2.scope = text/x-csharp
		$0.TextStylePolicy = $3
		$3.FileWidth = 120
		$3.TabWidth = 4
		$3.EolMarker = Unix
		$3.inheritsSet = Mono
		$3.inheritsScope = text/plain
		$3.scope = text/plain
	EndGlobalSection

EndGlobal
